
Microsoft Visual Studio Solution File, Format Version 12.00
# Visual Studio Version 16
VisualStudioVersion = 16.0.29020.237
MinimumVisualStudioVersion = 10.0.40219.1
Project("{9A19103F-16F7-4668-BE54-9A1E7A4F7556}") = "Places.Core", "src\core\Places.Core.csproj", "{F198EFF8-1BCF-4919-A832-975BE417B9AA}"
EndProject
Project("{9A19103F-16F7-4668-BE54-9A1E7A4F7556}") = "Places.Infrastructure", "src\infrastructure\Places.Infrastructure.csproj", "{A3A10A7F-C902-43C7-AD9D-087891173954}"
EndProject
Project("{9A19103F-16F7-4668-BE54-9A1E7A4F7556}") = "Places.Service", "src\Service\Places.Service.csproj", "{903689D4-3319-403C-B20E-667354F74CC0}"
EndProject
Project("{9A19103F-16F7-4668-BE54-9A1E7A4F7556}") = "Places", "src\Places\Places.csproj", "{5BD6256A-CCB9-4299-8F04-0387C6906B40}"
EndProject
Project("{9A19103F-16F7-4668-BE54-9A1E7A4F7556}") = "Places.Core.Test", "src\core.tests\Places.Core.Tests.csproj", "{5ED19F6A-F058-4894-B399-3058B2C83F3F}"
EndProject
Project("{9A19103F-16F7-4668-BE54-9A1E7A4F7556}") = "Places.Infrastructure.Test", "src\infrastructure.tests\Places.Infrastructure.Tests.csproj", "{F6027F6F-F71A-423C-B4DA-7511245FB6D5}"
EndProject
Project("{9A19103F-16F7-4668-BE54-9A1E7A4F7556}") = "Places.Service.Test", "src\service.tests\Places.Service.Tests.csproj", "{3540AD8C-C8E3-4872-B52B-D23247AD96DD}"
EndProject
Global
	GlobalSection(SolutionConfigurationPlatforms) = preSolution
		Debug|Any CPU = Debug|Any CPU
		Release|Any CPU = Release|Any CPU
	EndGlobalSection
	GlobalSection(ProjectConfigurationPlatforms) = postSolution
		{F198EFF8-1BCF-4919-A832-975BE417B9AA}.Debug|Any CPU.ActiveCfg = Debug|Any CPU
		{F198EFF8-1BCF-4919-A832-975BE417B9AA}.Debug|Any CPU.Build.0 = Debug|Any CPU
		{F198EFF8-1BCF-4919-A832-975BE417B9AA}.Release|Any CPU.ActiveCfg = Release|Any CPU
		{F198EFF8-1BCF-4919-A832-975BE417B9AA}.Release|Any CPU.Build.0 = Release|Any CPU
		{A3A10A7F-C902-43C7-AD9D-087891173954}.Debug|Any CPU.ActiveCfg = Debug|Any CPU
		{A3A10A7F-C902-43C7-AD9D-087891173954}.Debug|Any CPU.Build.0 = Debug|Any CPU
		{A3A10A7F-C902-43C7-AD9D-087891173954}.Release|Any CPU.ActiveCfg = Release|Any CPU
		{A3A10A7F-C902-43C7-AD9D-087891173954}.Release|Any CPU.Build.0 = Release|Any CPU
		{903689D4-3319-403C-B20E-667354F74CC0}.Debug|Any CPU.ActiveCfg = Debug|Any CPU
		{903689D4-3319-403C-B20E-667354F74CC0}.Debug|Any CPU.Build.0 = Debug|Any CPU
		{903689D4-3319-403C-B20E-667354F74CC0}.Release|Any CPU.ActiveCfg = Release|Any CPU
		{903689D4-3319-403C-B20E-667354F74CC0}.Release|Any CPU.Build.0 = Release|Any CPU
		{5BD6256A-CCB9-4299-8F04-0387C6906B40}.Debug|Any CPU.ActiveCfg = Debug|Any CPU
		{5BD6256A-CCB9-4299-8F04-0387C6906B40}.Debug|Any CPU.Build.0 = Debug|Any CPU
		{5BD6256A-CCB9-4299-8F04-0387C6906B40}.Release|Any CPU.ActiveCfg = Release|Any CPU
		{5BD6256A-CCB9-4299-8F04-0387C6906B40}.Release|Any CPU.Build.0 = Release|Any CPU
		{5ED19F6A-F058-4894-B399-3058B2C83F3F}.Debug|Any CPU.ActiveCfg = Debug|Any CPU
		{5ED19F6A-F058-4894-B399-3058B2C83F3F}.Debug|Any CPU.Build.0 = Debug|Any CPU
		{5ED19F6A-F058-4894-B399-3058B2C83F3F}.Release|Any CPU.ActiveCfg = Release|Any CPU
		{5ED19F6A-F058-4894-B399-3058B2C83F3F}.Release|Any CPU.Build.0 = Release|Any CPU
		{F6027F6F-F71A-423C-B4DA-7511245FB6D5}.Debug|Any CPU.ActiveCfg = Debug|Any CPU
		{F6027F6F-F71A-423C-B4DA-7511245FB6D5}.Debug|Any CPU.Build.0 = Debug|Any CPU
		{F6027F6F-F71A-423C-B4DA-7511245FB6D5}.Release|Any CPU.ActiveCfg = Release|Any CPU
		{F6027F6F-F71A-423C-B4DA-7511245FB6D5}.Release|Any CPU.Build.0 = Release|Any CPU
		{3540AD8C-C8E3-4872-B52B-D23247AD96DD}.Debug|Any CPU.ActiveCfg = Debug|Any CPU
		{3540AD8C-C8E3-4872-B52B-D23247AD96DD}.Debug|Any CPU.Build.0 = Debug|Any CPU
		{3540AD8C-C8E3-4872-B52B-D23247AD96DD}.Release|Any CPU.ActiveCfg = Release|Any CPU
		{3540AD8C-C8E3-4872-B52B-D23247AD96DD}.Release|Any CPU.Build.0 = Release|Any CPU
	EndGlobalSection
	GlobalSection(SolutionProperties) = preSolution
		HideSolutionNode = FALSE
	EndGlobalSection
	GlobalSection(ExtensibilityGlobals) = postSolution
		SolutionGuid = {22D16100-61EC-41DC-A4E8-2DE984C5D2ED}
	EndGlobalSection
EndGlobal
