
Microsoft Visual Studio Solution File, Format Version 12.00
# Visual Studio Version 16
VisualStudioVersion = 16.0.29020.237
MinimumVisualStudioVersion = 10.0.40219.1
Project("{9A19103F-16F7-4668-BE54-9A1E7A4F7556}") = "Venues.Core", "src\venues.core\Venues.Core.csproj", "{F198EFF8-1BCF-4919-A832-975BE417B9AA}"
EndProject
Project("{9A19103F-16F7-4668-BE54-9A1E7A4F7556}") = "Venues.Service", "src\venues.service\Venues.Service.csproj", "{903689D4-3319-403C-B20E-667354F74CC0}"
EndProject
Project("{9A19103F-16F7-4668-BE54-9A1E7A4F7556}") = "Venues.Function", "src\Venues.Function\Venues.Function.csproj", "{5BD6256A-CCB9-4299-8F04-0387C6906B40}"
EndProject
Project("{2150E333-8FDC-42A3-9474-1A3956D46DE8}") = "Testing", "Testing", "{4AEBEBA6-698E-4553-B9CB-581DCEFC8A6C}"
EndProject
Project("{9A19103F-16F7-4668-BE54-9A1E7A4F7556}") = "Venue.Testings", "src\venues.testings\Venue.Testings.csproj", "{59DADCB7-2AC6-48CA-ADEA-3B5276381648}"
EndProject
Project("{2150E333-8FDC-42A3-9474-1A3956D46DE8}") = "Unit Tests", "Unit Tests", "{0AFD69E4-5899-4466-B714-2EBE4CC6AA8D}"
EndProject
Project("{9A19103F-16F7-4668-BE54-9A1E7A4F7556}") = "Venues.Core.UnitTestings", "src\venues.core.unittestings\Venues.Core.UnitTestings.csproj", "{5ED19F6A-F058-4894-B399-3058B2C83F3F}"
EndProject
Project("{9A19103F-16F7-4668-BE54-9A1E7A4F7556}") = "Venues.Service.UnitTestings", "src\venues.service.unittestings\Venues.Service.UnitTestings.csproj", "{3540AD8C-C8E3-4872-B52B-D23247AD96DD}"
EndProject
Project("{2150E333-8FDC-42A3-9474-1A3956D46DE8}") = "Solution Items", "Solution Items", "{A6439FEA-4754-4CE2-A605-BCAB7306EF9C}"
	ProjectSection(SolutionItems) = preProject
		azure-pipelines.yml = azure-pipelines.yml
	EndProjectSection
EndProject
Project("{2150E333-8FDC-42A3-9474-1A3956D46DE8}") = "External", "External", "{038085C4-D418-447C-A8E3-95FD922F15EE}"
EndProject
Project("{9A19103F-16F7-4668-BE54-9A1E7A4F7556}") = "PingDong.Core", "src\PingDong.Core\PingDong.Core.csproj", "{4773CDE2-5A11-4651-B84E-B77E33B5F992}"
EndProject
Project("{9A19103F-16F7-4668-BE54-9A1E7A4F7556}") = "PingDong.Azure.Function", "src\PingDong.Azure.Function\PingDong.Azure.Function.csproj", "{5364CF23-1396-4E7D-B5DF-1040C1928FFC}"
EndProject
Project("{9A19103F-16F7-4668-BE54-9A1E7A4F7556}") = "PingDong.Http", "src\PingDong.Http\PingDong.Http.csproj", "{889438DD-0ED6-4881-9171-E25DD8B11226}"
EndProject
Project("{9A19103F-16F7-4668-BE54-9A1E7A4F7556}") = "PingDong.Validation", "src\PingDong.Validation\PingDong.Validation.csproj", "{7E99E33D-853E-4760-A9BC-125F5EFFC9E4}"
EndProject
Project("{9A19103F-16F7-4668-BE54-9A1E7A4F7556}") = "PingDong.Azure.Function.EventHubs", "src\PingDong.Azure.Function.EventHub\PingDong.Azure.Function.EventHubs.csproj", "{8ED34B51-B92C-4830-9935-E1461FFF04E9}"
EndProject
Project("{9A19103F-16F7-4668-BE54-9A1E7A4F7556}") = "PingDong.Azure.Function.ServiceBus", "src\PingDong.Azure.Function.ServiceBus\PingDong.Azure.Function.ServiceBus.csproj", "{D15CF9D8-D618-4A45-AF23-56B765D6A165}"
EndProject
Project("{9A19103F-16F7-4668-BE54-9A1E7A4F7556}") = "PingDong.Azure.Function.Http.CQRS", "src\PingDong.Azure.Function.Http.CQRS\PingDong.Azure.Function.Http.CQRS.csproj", "{21AB54AF-6327-4C55-9DE1-2BADFDA63E65}"
EndProject
Project("{9A19103F-16F7-4668-BE54-9A1E7A4F7556}") = "PingDong.CQRS.Core", "src\PingDong.CQRS.Core\PingDong.CQRS.Core.csproj", "{AD45CD1C-2F32-41A0-871B-CC15D38FF2FD}"
EndProject
Project("{9A19103F-16F7-4668-BE54-9A1E7A4F7556}") = "PingDong.Azure.Function.Cosmos", "src\PingDong.Azure.Function.Cosmos\PingDong.Azure.Function.Cosmos.csproj", "{D7E55E10-CF5F-4619-8E72-FA3278B890DC}"
EndProject
Project("{9A19103F-16F7-4668-BE54-9A1E7A4F7556}") = "PingDong.CQRS.Service", "src\PingDong.CQRS.Service\PingDong.CQRS.Service.csproj", "{9DEF39E9-E5F4-4D18-ABD4-2A3885581768}"
EndProject
Project("{9A19103F-16F7-4668-BE54-9A1E7A4F7556}") = "PingDong.Message", "src\PingDong.Message\PingDong.Message.csproj", "{C5E9F41B-D228-4682-BB37-4FD6DF588C9D}"
EndProject
Project("{9A19103F-16F7-4668-BE54-9A1E7A4F7556}") = "PingDong.Azure.Function.Core", "src\PingDong.Azure.Function.Core\PingDong.Azure.Function.Core.csproj", "{B0375328-99FC-4BE6-AEA6-CFA911A11C1D}"
EndProject
Project("{9A19103F-16F7-4668-BE54-9A1E7A4F7556}") = "PingDong.Testings", "src\PingDong.Testings\PingDong.Testings.csproj", "{8F5D6A84-D5C8-4692-A323-CDC7A372BFE5}"
EndProject
Project("{9A19103F-16F7-4668-BE54-9A1E7A4F7556}") = "PingDong.CQRS.Core.Testings", "src\PingDong.CQRS.Core.Testings\PingDong.CQRS.Core.Testings.csproj", "{4F58A162-7351-4B2F-9525-EAA0690219DA}"
EndProject
Project("{2150E333-8FDC-42A3-9474-1A3956D46DE8}") = "Integration Tests", "Integration Tests", "{1A15533C-7F2D-41D0-8FCE-A7ABC07D0EC0}"
EndProject
Project("{9A19103F-16F7-4668-BE54-9A1E7A4F7556}") = "Venues.Function.IntegrationTestings", "src\venues.function.integrationtestings\Venues.Function.IntegrationTestings.csproj", "{48263184-0351-4DD6-9357-EAF7CEE87F44}"
EndProject
Project("{9A19103F-16F7-4668-BE54-9A1E7A4F7556}") = "PingDong.Azure.Function.Testings", "src\PingDong.Azure.Function.Testings\PingDong.Azure.Function.Testings.csproj", "{26D638A0-E0A6-46D6-BD6D-A8A591558F20}"
EndProject
Global
	GlobalSection(SolutionConfigurationPlatforms) = preSolution
		Debug|Any CPU = Debug|Any CPU
		Release|Any CPU = Release|Any CPU
	EndGlobalSection
	GlobalSection(ProjectConfigurationPlatforms) = postSolution
		{F198EFF8-1BCF-4919-A832-975BE417B9AA}.Debug|Any CPU.ActiveCfg = Debug|Any CPU
		{F198EFF8-1BCF-4919-A832-975BE417B9AA}.Debug|Any CPU.Build.0 = Debug|Any CPU
		{F198EFF8-1BCF-4919-A832-975BE417B9AA}.Release|Any CPU.ActiveCfg = Release|Any CPU
		{F198EFF8-1BCF-4919-A832-975BE417B9AA}.Release|Any CPU.Build.0 = Release|Any CPU
		{903689D4-3319-403C-B20E-667354F74CC0}.Debug|Any CPU.ActiveCfg = Debug|Any CPU
		{903689D4-3319-403C-B20E-667354F74CC0}.Debug|Any CPU.Build.0 = Debug|Any CPU
		{903689D4-3319-403C-B20E-667354F74CC0}.Release|Any CPU.ActiveCfg = Release|Any CPU
		{903689D4-3319-403C-B20E-667354F74CC0}.Release|Any CPU.Build.0 = Release|Any CPU
		{5BD6256A-CCB9-4299-8F04-0387C6906B40}.Debug|Any CPU.ActiveCfg = Debug|Any CPU
		{5BD6256A-CCB9-4299-8F04-0387C6906B40}.Debug|Any CPU.Build.0 = Debug|Any CPU
		{5BD6256A-CCB9-4299-8F04-0387C6906B40}.Release|Any CPU.ActiveCfg = Release|Any CPU
		{5BD6256A-CCB9-4299-8F04-0387C6906B40}.Release|Any CPU.Build.0 = Release|Any CPU
		{59DADCB7-2AC6-48CA-ADEA-3B5276381648}.Debug|Any CPU.ActiveCfg = Debug|Any CPU
		{59DADCB7-2AC6-48CA-ADEA-3B5276381648}.Debug|Any CPU.Build.0 = Debug|Any CPU
		{59DADCB7-2AC6-48CA-ADEA-3B5276381648}.Release|Any CPU.ActiveCfg = Release|Any CPU
		{59DADCB7-2AC6-48CA-ADEA-3B5276381648}.Release|Any CPU.Build.0 = Release|Any CPU
		{5ED19F6A-F058-4894-B399-3058B2C83F3F}.Debug|Any CPU.ActiveCfg = Debug|Any CPU
		{5ED19F6A-F058-4894-B399-3058B2C83F3F}.Debug|Any CPU.Build.0 = Debug|Any CPU
		{5ED19F6A-F058-4894-B399-3058B2C83F3F}.Release|Any CPU.ActiveCfg = Release|Any CPU
		{5ED19F6A-F058-4894-B399-3058B2C83F3F}.Release|Any CPU.Build.0 = Release|Any CPU
		{3540AD8C-C8E3-4872-B52B-D23247AD96DD}.Debug|Any CPU.ActiveCfg = Debug|Any CPU
		{3540AD8C-C8E3-4872-B52B-D23247AD96DD}.Debug|Any CPU.Build.0 = Debug|Any CPU
		{3540AD8C-C8E3-4872-B52B-D23247AD96DD}.Release|Any CPU.ActiveCfg = Release|Any CPU
		{3540AD8C-C8E3-4872-B52B-D23247AD96DD}.Release|Any CPU.Build.0 = Release|Any CPU
		{4773CDE2-5A11-4651-B84E-B77E33B5F992}.Debug|Any CPU.ActiveCfg = Debug|Any CPU
		{4773CDE2-5A11-4651-B84E-B77E33B5F992}.Debug|Any CPU.Build.0 = Debug|Any CPU
		{4773CDE2-5A11-4651-B84E-B77E33B5F992}.Release|Any CPU.ActiveCfg = Release|Any CPU
		{4773CDE2-5A11-4651-B84E-B77E33B5F992}.Release|Any CPU.Build.0 = Release|Any CPU
		{5364CF23-1396-4E7D-B5DF-1040C1928FFC}.Debug|Any CPU.ActiveCfg = Debug|Any CPU
		{5364CF23-1396-4E7D-B5DF-1040C1928FFC}.Debug|Any CPU.Build.0 = Debug|Any CPU
		{5364CF23-1396-4E7D-B5DF-1040C1928FFC}.Release|Any CPU.ActiveCfg = Release|Any CPU
		{5364CF23-1396-4E7D-B5DF-1040C1928FFC}.Release|Any CPU.Build.0 = Release|Any CPU
		{889438DD-0ED6-4881-9171-E25DD8B11226}.Debug|Any CPU.ActiveCfg = Debug|Any CPU
		{889438DD-0ED6-4881-9171-E25DD8B11226}.Debug|Any CPU.Build.0 = Debug|Any CPU
		{889438DD-0ED6-4881-9171-E25DD8B11226}.Release|Any CPU.ActiveCfg = Release|Any CPU
		{889438DD-0ED6-4881-9171-E25DD8B11226}.Release|Any CPU.Build.0 = Release|Any CPU
		{7E99E33D-853E-4760-A9BC-125F5EFFC9E4}.Debug|Any CPU.ActiveCfg = Debug|Any CPU
		{7E99E33D-853E-4760-A9BC-125F5EFFC9E4}.Debug|Any CPU.Build.0 = Debug|Any CPU
		{7E99E33D-853E-4760-A9BC-125F5EFFC9E4}.Release|Any CPU.ActiveCfg = Release|Any CPU
		{7E99E33D-853E-4760-A9BC-125F5EFFC9E4}.Release|Any CPU.Build.0 = Release|Any CPU
		{8ED34B51-B92C-4830-9935-E1461FFF04E9}.Debug|Any CPU.ActiveCfg = Debug|Any CPU
		{8ED34B51-B92C-4830-9935-E1461FFF04E9}.Debug|Any CPU.Build.0 = Debug|Any CPU
		{8ED34B51-B92C-4830-9935-E1461FFF04E9}.Release|Any CPU.ActiveCfg = Release|Any CPU
		{8ED34B51-B92C-4830-9935-E1461FFF04E9}.Release|Any CPU.Build.0 = Release|Any CPU
		{D15CF9D8-D618-4A45-AF23-56B765D6A165}.Debug|Any CPU.ActiveCfg = Debug|Any CPU
		{D15CF9D8-D618-4A45-AF23-56B765D6A165}.Debug|Any CPU.Build.0 = Debug|Any CPU
		{D15CF9D8-D618-4A45-AF23-56B765D6A165}.Release|Any CPU.ActiveCfg = Release|Any CPU
		{D15CF9D8-D618-4A45-AF23-56B765D6A165}.Release|Any CPU.Build.0 = Release|Any CPU
		{21AB54AF-6327-4C55-9DE1-2BADFDA63E65}.Debug|Any CPU.ActiveCfg = Debug|Any CPU
		{21AB54AF-6327-4C55-9DE1-2BADFDA63E65}.Debug|Any CPU.Build.0 = Debug|Any CPU
		{21AB54AF-6327-4C55-9DE1-2BADFDA63E65}.Release|Any CPU.ActiveCfg = Release|Any CPU
		{21AB54AF-6327-4C55-9DE1-2BADFDA63E65}.Release|Any CPU.Build.0 = Release|Any CPU
		{AD45CD1C-2F32-41A0-871B-CC15D38FF2FD}.Debug|Any CPU.ActiveCfg = Debug|Any CPU
		{AD45CD1C-2F32-41A0-871B-CC15D38FF2FD}.Debug|Any CPU.Build.0 = Debug|Any CPU
		{AD45CD1C-2F32-41A0-871B-CC15D38FF2FD}.Release|Any CPU.ActiveCfg = Release|Any CPU
		{AD45CD1C-2F32-41A0-871B-CC15D38FF2FD}.Release|Any CPU.Build.0 = Release|Any CPU
		{D7E55E10-CF5F-4619-8E72-FA3278B890DC}.Debug|Any CPU.ActiveCfg = Debug|Any CPU
		{D7E55E10-CF5F-4619-8E72-FA3278B890DC}.Debug|Any CPU.Build.0 = Debug|Any CPU
		{D7E55E10-CF5F-4619-8E72-FA3278B890DC}.Release|Any CPU.ActiveCfg = Release|Any CPU
		{D7E55E10-CF5F-4619-8E72-FA3278B890DC}.Release|Any CPU.Build.0 = Release|Any CPU
		{9DEF39E9-E5F4-4D18-ABD4-2A3885581768}.Debug|Any CPU.ActiveCfg = Debug|Any CPU
		{9DEF39E9-E5F4-4D18-ABD4-2A3885581768}.Debug|Any CPU.Build.0 = Debug|Any CPU
		{9DEF39E9-E5F4-4D18-ABD4-2A3885581768}.Release|Any CPU.ActiveCfg = Release|Any CPU
		{9DEF39E9-E5F4-4D18-ABD4-2A3885581768}.Release|Any CPU.Build.0 = Release|Any CPU
		{C5E9F41B-D228-4682-BB37-4FD6DF588C9D}.Debug|Any CPU.ActiveCfg = Debug|Any CPU
		{C5E9F41B-D228-4682-BB37-4FD6DF588C9D}.Debug|Any CPU.Build.0 = Debug|Any CPU
		{C5E9F41B-D228-4682-BB37-4FD6DF588C9D}.Release|Any CPU.ActiveCfg = Release|Any CPU
		{C5E9F41B-D228-4682-BB37-4FD6DF588C9D}.Release|Any CPU.Build.0 = Release|Any CPU
		{B0375328-99FC-4BE6-AEA6-CFA911A11C1D}.Debug|Any CPU.ActiveCfg = Debug|Any CPU
		{B0375328-99FC-4BE6-AEA6-CFA911A11C1D}.Debug|Any CPU.Build.0 = Debug|Any CPU
		{B0375328-99FC-4BE6-AEA6-CFA911A11C1D}.Release|Any CPU.ActiveCfg = Release|Any CPU
		{B0375328-99FC-4BE6-AEA6-CFA911A11C1D}.Release|Any CPU.Build.0 = Release|Any CPU
		{8F5D6A84-D5C8-4692-A323-CDC7A372BFE5}.Debug|Any CPU.ActiveCfg = Debug|Any CPU
		{8F5D6A84-D5C8-4692-A323-CDC7A372BFE5}.Debug|Any CPU.Build.0 = Debug|Any CPU
		{8F5D6A84-D5C8-4692-A323-CDC7A372BFE5}.Release|Any CPU.ActiveCfg = Release|Any CPU
		{8F5D6A84-D5C8-4692-A323-CDC7A372BFE5}.Release|Any CPU.Build.0 = Release|Any CPU
		{4F58A162-7351-4B2F-9525-EAA0690219DA}.Debug|Any CPU.ActiveCfg = Debug|Any CPU
		{4F58A162-7351-4B2F-9525-EAA0690219DA}.Debug|Any CPU.Build.0 = Debug|Any CPU
		{4F58A162-7351-4B2F-9525-EAA0690219DA}.Release|Any CPU.ActiveCfg = Release|Any CPU
		{4F58A162-7351-4B2F-9525-EAA0690219DA}.Release|Any CPU.Build.0 = Release|Any CPU
		{48263184-0351-4DD6-9357-EAF7CEE87F44}.Debug|Any CPU.ActiveCfg = Debug|Any CPU
		{48263184-0351-4DD6-9357-EAF7CEE87F44}.Debug|Any CPU.Build.0 = Debug|Any CPU
		{48263184-0351-4DD6-9357-EAF7CEE87F44}.Release|Any CPU.ActiveCfg = Release|Any CPU
		{48263184-0351-4DD6-9357-EAF7CEE87F44}.Release|Any CPU.Build.0 = Release|Any CPU
		{26D638A0-E0A6-46D6-BD6D-A8A591558F20}.Debug|Any CPU.ActiveCfg = Debug|Any CPU
		{26D638A0-E0A6-46D6-BD6D-A8A591558F20}.Debug|Any CPU.Build.0 = Debug|Any CPU
		{26D638A0-E0A6-46D6-BD6D-A8A591558F20}.Release|Any CPU.ActiveCfg = Release|Any CPU
		{26D638A0-E0A6-46D6-BD6D-A8A591558F20}.Release|Any CPU.Build.0 = Release|Any CPU
	EndGlobalSection
	GlobalSection(SolutionProperties) = preSolution
		HideSolutionNode = FALSE
	EndGlobalSection
	GlobalSection(NestedProjects) = preSolution
		{59DADCB7-2AC6-48CA-ADEA-3B5276381648} = {4AEBEBA6-698E-4553-B9CB-581DCEFC8A6C}
		{0AFD69E4-5899-4466-B714-2EBE4CC6AA8D} = {4AEBEBA6-698E-4553-B9CB-581DCEFC8A6C}
		{5ED19F6A-F058-4894-B399-3058B2C83F3F} = {0AFD69E4-5899-4466-B714-2EBE4CC6AA8D}
		{3540AD8C-C8E3-4872-B52B-D23247AD96DD} = {0AFD69E4-5899-4466-B714-2EBE4CC6AA8D}
		{4773CDE2-5A11-4651-B84E-B77E33B5F992} = {038085C4-D418-447C-A8E3-95FD922F15EE}
		{5364CF23-1396-4E7D-B5DF-1040C1928FFC} = {038085C4-D418-447C-A8E3-95FD922F15EE}
		{889438DD-0ED6-4881-9171-E25DD8B11226} = {038085C4-D418-447C-A8E3-95FD922F15EE}
		{7E99E33D-853E-4760-A9BC-125F5EFFC9E4} = {038085C4-D418-447C-A8E3-95FD922F15EE}
		{8ED34B51-B92C-4830-9935-E1461FFF04E9} = {038085C4-D418-447C-A8E3-95FD922F15EE}
		{D15CF9D8-D618-4A45-AF23-56B765D6A165} = {038085C4-D418-447C-A8E3-95FD922F15EE}
		{21AB54AF-6327-4C55-9DE1-2BADFDA63E65} = {038085C4-D418-447C-A8E3-95FD922F15EE}
		{AD45CD1C-2F32-41A0-871B-CC15D38FF2FD} = {038085C4-D418-447C-A8E3-95FD922F15EE}
		{D7E55E10-CF5F-4619-8E72-FA3278B890DC} = {038085C4-D418-447C-A8E3-95FD922F15EE}
		{9DEF39E9-E5F4-4D18-ABD4-2A3885581768} = {038085C4-D418-447C-A8E3-95FD922F15EE}
		{C5E9F41B-D228-4682-BB37-4FD6DF588C9D} = {038085C4-D418-447C-A8E3-95FD922F15EE}
		{B0375328-99FC-4BE6-AEA6-CFA911A11C1D} = {038085C4-D418-447C-A8E3-95FD922F15EE}
		{8F5D6A84-D5C8-4692-A323-CDC7A372BFE5} = {038085C4-D418-447C-A8E3-95FD922F15EE}
		{4F58A162-7351-4B2F-9525-EAA0690219DA} = {038085C4-D418-447C-A8E3-95FD922F15EE}
		{1A15533C-7F2D-41D0-8FCE-A7ABC07D0EC0} = {4AEBEBA6-698E-4553-B9CB-581DCEFC8A6C}
		{48263184-0351-4DD6-9357-EAF7CEE87F44} = {1A15533C-7F2D-41D0-8FCE-A7ABC07D0EC0}
		{26D638A0-E0A6-46D6-BD6D-A8A591558F20} = {038085C4-D418-447C-A8E3-95FD922F15EE}
	EndGlobalSection
	GlobalSection(ExtensibilityGlobals) = postSolution
		SolutionGuid = {22D16100-61EC-41DC-A4E8-2DE984C5D2ED}
	EndGlobalSection
EndGlobal
