
Microsoft Visual Studio Solution File, Format Version 12.00
# Visual Studio Version 16
VisualStudioVersion = 16.0.29020.237
MinimumVisualStudioVersion = 10.0.40219.1
Project("{9A19103F-16F7-4668-BE54-9A1E7A4F7556}") = "Places.Core", "src\core\Places.Core.csproj", "{F198EFF8-1BCF-4919-A832-975BE417B9AA}"
EndProject
Project("{9A19103F-16F7-4668-BE54-9A1E7A4F7556}") = "Places.Infrastructure", "src\infrastructure\Places.Infrastructure.csproj", "{A3A10A7F-C902-43C7-AD9D-087891173954}"
EndProject
Project("{9A19103F-16F7-4668-BE54-9A1E7A4F7556}") = "Places.Service", "src\Service\Places.Service.csproj", "{903689D4-3319-403C-B20E-667354F74CC0}"
EndProject
Project("{9A19103F-16F7-4668-BE54-9A1E7A4F7556}") = "Places", "src\Places\Places.csproj", "{5BD6256A-CCB9-4299-8F04-0387C6906B40}"
EndProject
Project("{9A19103F-16F7-4668-BE54-9A1E7A4F7556}") = "PingDong.CleanArchitect.Core", "..\..\Library\CleanArchitect\Core\src\PingDong.CleanArchitect.Core\PingDong.CleanArchitect.Core.csproj", "{33037F31-6A9A-40E2-9FF6-58530BA8A346}"
EndProject
Project("{9A19103F-16F7-4668-BE54-9A1E7A4F7556}") = "PingDong.EventBus.Core", "..\..\Library\EventBus\Core\src\PingDong.EventBus.Core\PingDong.EventBus.Core.csproj", "{ADE290B6-B429-4796-B075-D89407103AF7}"
EndProject
Project("{9A19103F-16F7-4668-BE54-9A1E7A4F7556}") = "PingDong.EventBus.Azure", "..\..\Library\EventBus\azure\src\PingDong.EventBus.Azure\PingDong.EventBus.Azure.csproj", "{21A33D44-C0F1-42C8-BFD0-C6850FADC268}"
EndProject
Project("{9A19103F-16F7-4668-BE54-9A1E7A4F7556}") = "PingDong.CleanArchitect.Service", "..\..\Library\CleanArchitect\Service\src\PingDong.CleanArchitect.Service\PingDong.CleanArchitect.Service.csproj", "{BDEB9C3F-994F-4FD5-83C9-7DB5B8E01FFC}"
EndProject
Project("{9A19103F-16F7-4668-BE54-9A1E7A4F7556}") = "PingDong.CleanArchitect.Infrastructure.SqlServer", "..\..\Library\CleanArchitect\Infrastructure.SqlServer\src\PingDong.CleanArchitect.Infrastructure.SqlServer\PingDong.CleanArchitect.Infrastructure.SqlServer.csproj", "{C55832BD-C023-4E1F-B5BB-73FA15D532EE}"
EndProject
Global
	GlobalSection(SolutionConfigurationPlatforms) = preSolution
		Debug|Any CPU = Debug|Any CPU
		Release|Any CPU = Release|Any CPU
	EndGlobalSection
	GlobalSection(ProjectConfigurationPlatforms) = postSolution
		{F198EFF8-1BCF-4919-A832-975BE417B9AA}.Debug|Any CPU.ActiveCfg = Debug|Any CPU
		{F198EFF8-1BCF-4919-A832-975BE417B9AA}.Debug|Any CPU.Build.0 = Debug|Any CPU
		{F198EFF8-1BCF-4919-A832-975BE417B9AA}.Release|Any CPU.ActiveCfg = Release|Any CPU
		{F198EFF8-1BCF-4919-A832-975BE417B9AA}.Release|Any CPU.Build.0 = Release|Any CPU
		{A3A10A7F-C902-43C7-AD9D-087891173954}.Debug|Any CPU.ActiveCfg = Debug|Any CPU
		{A3A10A7F-C902-43C7-AD9D-087891173954}.Debug|Any CPU.Build.0 = Debug|Any CPU
		{A3A10A7F-C902-43C7-AD9D-087891173954}.Release|Any CPU.ActiveCfg = Release|Any CPU
		{A3A10A7F-C902-43C7-AD9D-087891173954}.Release|Any CPU.Build.0 = Release|Any CPU
		{903689D4-3319-403C-B20E-667354F74CC0}.Debug|Any CPU.ActiveCfg = Debug|Any CPU
		{903689D4-3319-403C-B20E-667354F74CC0}.Debug|Any CPU.Build.0 = Debug|Any CPU
		{903689D4-3319-403C-B20E-667354F74CC0}.Release|Any CPU.ActiveCfg = Release|Any CPU
		{903689D4-3319-403C-B20E-667354F74CC0}.Release|Any CPU.Build.0 = Release|Any CPU
		{5BD6256A-CCB9-4299-8F04-0387C6906B40}.Debug|Any CPU.ActiveCfg = Debug|Any CPU
		{5BD6256A-CCB9-4299-8F04-0387C6906B40}.Debug|Any CPU.Build.0 = Debug|Any CPU
		{5BD6256A-CCB9-4299-8F04-0387C6906B40}.Release|Any CPU.ActiveCfg = Release|Any CPU
		{5BD6256A-CCB9-4299-8F04-0387C6906B40}.Release|Any CPU.Build.0 = Release|Any CPU
		{33037F31-6A9A-40E2-9FF6-58530BA8A346}.Debug|Any CPU.ActiveCfg = Debug|Any CPU
		{33037F31-6A9A-40E2-9FF6-58530BA8A346}.Debug|Any CPU.Build.0 = Debug|Any CPU
		{33037F31-6A9A-40E2-9FF6-58530BA8A346}.Release|Any CPU.ActiveCfg = Release|Any CPU
		{33037F31-6A9A-40E2-9FF6-58530BA8A346}.Release|Any CPU.Build.0 = Release|Any CPU
		{ADE290B6-B429-4796-B075-D89407103AF7}.Debug|Any CPU.ActiveCfg = Debug|Any CPU
		{ADE290B6-B429-4796-B075-D89407103AF7}.Debug|Any CPU.Build.0 = Debug|Any CPU
		{ADE290B6-B429-4796-B075-D89407103AF7}.Release|Any CPU.ActiveCfg = Release|Any CPU
		{ADE290B6-B429-4796-B075-D89407103AF7}.Release|Any CPU.Build.0 = Release|Any CPU
		{21A33D44-C0F1-42C8-BFD0-C6850FADC268}.Debug|Any CPU.ActiveCfg = Debug|Any CPU
		{21A33D44-C0F1-42C8-BFD0-C6850FADC268}.Debug|Any CPU.Build.0 = Debug|Any CPU
		{21A33D44-C0F1-42C8-BFD0-C6850FADC268}.Release|Any CPU.ActiveCfg = Release|Any CPU
		{21A33D44-C0F1-42C8-BFD0-C6850FADC268}.Release|Any CPU.Build.0 = Release|Any CPU
		{BDEB9C3F-994F-4FD5-83C9-7DB5B8E01FFC}.Debug|Any CPU.ActiveCfg = Debug|Any CPU
		{BDEB9C3F-994F-4FD5-83C9-7DB5B8E01FFC}.Debug|Any CPU.Build.0 = Debug|Any CPU
		{BDEB9C3F-994F-4FD5-83C9-7DB5B8E01FFC}.Release|Any CPU.ActiveCfg = Release|Any CPU
		{BDEB9C3F-994F-4FD5-83C9-7DB5B8E01FFC}.Release|Any CPU.Build.0 = Release|Any CPU
		{C55832BD-C023-4E1F-B5BB-73FA15D532EE}.Debug|Any CPU.ActiveCfg = Debug|Any CPU
		{C55832BD-C023-4E1F-B5BB-73FA15D532EE}.Debug|Any CPU.Build.0 = Debug|Any CPU
		{C55832BD-C023-4E1F-B5BB-73FA15D532EE}.Release|Any CPU.ActiveCfg = Release|Any CPU
		{C55832BD-C023-4E1F-B5BB-73FA15D532EE}.Release|Any CPU.Build.0 = Release|Any CPU
	EndGlobalSection
	GlobalSection(SolutionProperties) = preSolution
		HideSolutionNode = FALSE
	EndGlobalSection
	GlobalSection(ExtensibilityGlobals) = postSolution
		SolutionGuid = {22D16100-61EC-41DC-A4E8-2DE984C5D2ED}
	EndGlobalSection
EndGlobal
